// !$*UTF8*$!
{
	archiveVersion = 1;
	classes = {
	};
	objectVersion = 48;
	objects = {

/* Begin PBXBuildFile section */
		2E9D624E2019A65C0042AEAA /* AppDelegate.m in Sources */ = {isa = PBXBuildFile; fileRef = 2E9D624D2019A65C0042AEAA /* AppDelegate.m */; };
		2E9D62512019A65C0042AEAA /* ViewController.m in Sources */ = {isa = PBXBuildFile; fileRef = 2E9D62502019A65C0042AEAA /* ViewController.m */; };
		2E9D62542019A65C0042AEAA /* Main.storyboard in Resources */ = {isa = PBXBuildFile; fileRef = 2E9D62522019A65C0042AEAA /* Main.storyboard */; };
		2E9D62562019A65C0042AEAA /* Assets.xcassets in Resources */ = {isa = PBXBuildFile; fileRef = 2E9D62552019A65C0042AEAA /* Assets.xcassets */; };
		2E9D62592019A65C0042AEAA /* LaunchScreen.storyboard in Resources */ = {isa = PBXBuildFile; fileRef = 2E9D62572019A65C0042AEAA /* LaunchScreen.storyboard */; };
		2E9D625C2019A65C0042AEAA /* main.m in Sources */ = {isa = PBXBuildFile; fileRef = 2E9D625B2019A65C0042AEAA /* main.m */; };
/* End PBXBuildFile section */

/* Begin PBXFileReference section */
		2E9D62492019A65C0042AEAA /* YNJenkinsTestiOS.app */ = {isa = PBXFileReference; explicitFileType = wrapper.application; includeInIndex = 0; path = YNJenkinsTestiOS.app; sourceTree = BUILT_PRODUCTS_DIR; };
		2E9D624C2019A65C0042AEAA /* AppDelegate.h */ = {isa = PBXFileReference; lastKnownFileType = sourcecode.c.h; path = AppDelegate.h; sourceTree = "<group>"; };
		2E9D624D2019A65C0042AEAA /* AppDelegate.m */ = {isa = PBXFileReference; lastKnownFileType = sourcecode.c.objc; path = AppDelegate.m; sourceTree = "<group>"; };
		2E9D624F2019A65C0042AEAA /* ViewController.h */ = {isa = PBXFileReference; lastKnownFileType = sourcecode.c.h; path = ViewController.h; sourceTree = "<group>"; };
		2E9D62502019A65C0042AEAA /* ViewController.m */ = {isa = PBXFileReference; lastKnownFileType = sourcecode.c.objc; path = ViewController.m; sourceTree = "<group>"; };
		2E9D62532019A65C0042AEAA /* Base */ = {isa = PBXFileReference; lastKnownFileType = file.storyboard; name = Base; path = Base.lproj/Main.storyboard; sourceTree = "<group>"; };
		2E9D62552019A65C0042AEAA /* Assets.xcassets */ = {isa = PBXFileReference; lastKnownFileType = folder.assetcatalog; path = Assets.xcassets; sourceTree = "<group>"; };
		2E9D62582019A65C0042AEAA /* Base */ = {isa = PBXFileReference; lastKnownFileType = file.storyboard; name = Base; path = Base.lproj/LaunchScreen.storyboard; sourceTree = "<group>"; };
		2E9D625A2019A65C0042AEAA /* Info.plist */ = {isa = PBXFileReference; lastKnownFileType = text.plist.xml; path = Info.plist; sourceTree = "<group>"; };
		2E9D625B2019A65C0042AEAA /* main.m */ = {isa = PBXFileReference; lastKnownFileType = sourcecode.c.objc; path = main.m; sourceTree = "<group>"; };
/* End PBXFileReference section */

/* Begin PBXFrameworksBuildPhase section */
		2E9D62462019A65C0042AEAA /* Frameworks */ = {
			isa = PBXFrameworksBuildPhase;
			buildActionMask = 2147483647;
			files = (
			);
			runOnlyForDeploymentPostprocessing = 0;
		};
/* End PBXFrameworksBuildPhase section */

/* Begin PBXGroup section */
		2E9D62402019A65C0042AEAA = {
			isa = PBXGroup;
			children = (
				2E9D624B2019A65C0042AEAA /* YNJenkinsTestiOS */,
				2E9D624A2019A65C0042AEAA /* Products */,
			);
			sourceTree = "<group>";
		};
		2E9D624A2019A65C0042AEAA /* Products */ = {
			isa = PBXGroup;
			children = (
				2E9D62492019A65C0042AEAA /* YNJenkinsTestiOS.app */,
			);
			name = Products;
			sourceTree = "<group>";
		};
		2E9D624B2019A65C0042AEAA /* YNJenkinsTestiOS */ = {
			isa = PBXGroup;
			children = (
				2E9D624C2019A65C0042AEAA /* AppDelegate.h */,
				2E9D624D2019A65C0042AEAA /* AppDelegate.m */,
				2E9D624F2019A65C0042AEAA /* ViewController.h */,
				2E9D62502019A65C0042AEAA /* ViewController.m */,
				2E9D62522019A65C0042AEAA /* Main.storyboard */,
				2E9D62552019A65C0042AEAA /* Assets.xcassets */,
				2E9D62572019A65C0042AEAA /* LaunchScreen.storyboard */,
				2E9D625A2019A65C0042AEAA /* Info.plist */,
				2E9D625B2019A65C0042AEAA /* main.m */,
			);
			path = YNJenkinsTestiOS;
			sourceTree = "<group>";
		};
/* End PBXGroup section */

/* Begin PBXNativeTarget section */
		2E9D62482019A65C0042AEAA /* YNJenkinsTestiOS */ = {
			isa = PBXNativeTarget;
			buildConfigurationList = 2E9D625F2019A65C0042AEAA /* Build configuration list for PBXNativeTarget "YNJenkinsTestiOS" */;
			buildPhases = (
				2E9D62452019A65C0042AEAA /* Sources */,
				2E9D62462019A65C0042AEAA /* Frameworks */,
				2E9D62472019A65C0042AEAA /* Resources */,
			);
			buildRules = (
			);
			dependencies = (
			);
			name = YNJenkinsTestiOS;
			productName = YNJenkinsTestiOS;
			productReference = 2E9D62492019A65C0042AEAA /* YNJenkinsTestiOS.app */;
			productType = "com.apple.product-type.application";
		};
/* End PBXNativeTarget section */

/* Begin PBXProject section */
		2E9D62412019A65C0042AEAA /* Project object */ = {
			isa = PBXProject;
			attributes = {
				LastUpgradeCheck = 0920;
				ORGANIZATIONNAME = cn.bxtth.itm.client;
				TargetAttributes = {
					2E9D62482019A65C0042AEAA = {
						CreatedOnToolsVersion = 9.2;
						ProvisioningStyle = Manual;
					};
				};
			};
			buildConfigurationList = 2E9D62442019A65C0042AEAA /* Build configuration list for PBXProject "YNJenkinsTestiOS" */;
			compatibilityVersion = "Xcode 8.0";
			developmentRegion = en;
			hasScannedForEncodings = 0;
			knownRegions = (
				en,
				Base,
			);
			mainGroup = 2E9D62402019A65C0042AEAA;
			productRefGroup = 2E9D624A2019A65C0042AEAA /* Products */;
			projectDirPath = "";
			projectRoot = "";
			targets = (
				2E9D62482019A65C0042AEAA /* YNJenkinsTestiOS */,
			);
		};
/* End PBXProject section */

/* Begin PBXResourcesBuildPhase section */
		2E9D62472019A65C0042AEAA /* Resources */ = {
			isa = PBXResourcesBuildPhase;
			buildActionMask = 2147483647;
			files = (
				2E9D62592019A65C0042AEAA /* LaunchScreen.storyboard in Resources */,
				2E9D62562019A65C0042AEAA /* Assets.xcassets in Resources */,
				2E9D62542019A65C0042AEAA /* Main.storyboard in Resources */,
			);
			runOnlyForDeploymentPostprocessing = 0;
		};
/* End PBXResourcesBuildPhase section */

/* Begin PBXSourcesBuildPhase section */
		2E9D62452019A65C0042AEAA /* Sources */ = {
			isa = PBXSourcesBuildPhase;
			buildActionMask = 2147483647;
			files = (
				2E9D62512019A65C0042AEAA /* ViewController.m in Sources */,
				2E9D625C2019A65C0042AEAA /* main.m in Sources */,
				2E9D624E2019A65C0042AEAA /* AppDelegate.m in Sources */,
			);
			runOnlyForDeploymentPostprocessing = 0;
		};
/* End PBXSourcesBuildPhase section */

/* Begin PBXVariantGroup section */
		2E9D62522019A65C0042AEAA /* Main.storyboard */ = {
			isa = PBXVariantGroup;
			children = (
				2E9D62532019A65C0042AEAA /* Base */,
			);
			name = Main.storyboard;
			sourceTree = "<group>";
		};
		2E9D62572019A65C0042AEAA /* LaunchScreen.storyboard */ = {
			isa = PBXVariantGroup;
			children = (
				2E9D62582019A65C0042AEAA /* Base */,
			);
			name = LaunchScreen.storyboard;
			sourceTree = "<group>";
		};
/* End PBXVariantGroup section */

/* Begin XCBuildConfiguration section */
		2E9D625D2019A65C0042AEAA /* Debug */ = {
			isa = XCBuildConfiguration;
			buildSettings = {
				ALWAYS_SEARCH_USER_PATHS = NO;
				CLANG_ANALYZER_NONNULL = YES;
				CLANG_ANALYZER_NUMBER_OBJECT_CONVERSION = YES_AGGRESSIVE;
				CLANG_CXX_LANGUAGE_STANDARD = "gnu++14";
				CLANG_CXX_LIBRARY = "libc++";
				CLANG_ENABLE_MODULES = YES;
				CLANG_ENABLE_OBJC_ARC = YES;
				CLANG_WARN_BLOCK_CAPTURE_AUTORELEASING = YES;
				CLANG_WARN_BOOL_CONVERSION = YES;
				CLANG_WARN_COMMA = YES;
				CLANG_WARN_CONSTANT_CONVERSION = YES;
				CLANG_WARN_DIRECT_OBJC_ISA_USAGE = YES_ERROR;
				CLANG_WARN_DOCUMENTATION_COMMENTS = YES;
				CLANG_WARN_EMPTY_BODY = YES;
				CLANG_WARN_ENUM_CONVERSION = YES;
				CLANG_WARN_INFINITE_RECURSION = YES;
				CLANG_WARN_INT_CONVERSION = YES;
				CLANG_WARN_NON_LITERAL_NULL_CONVERSION = YES;
				CLANG_WARN_OBJC_LITERAL_CONVERSION = YES;
				CLANG_WARN_OBJC_ROOT_CLASS = YES_ERROR;
				CLANG_WARN_RANGE_LOOP_ANALYSIS = YES;
				CLANG_WARN_STRICT_PROTOTYPES = YES;
				CLANG_WARN_SUSPICIOUS_MOVE = YES;
				CLANG_WARN_UNGUARDED_AVAILABILITY = YES_AGGRESSIVE;
				CLANG_WARN_UNREACHABLE_CODE = YES;
				CLANG_WARN__DUPLICATE_METHOD_MATCH = YES;
				CODE_SIGN_IDENTITY = "iPhone Developer";
				COPY_PHASE_STRIP = NO;
				DEBUG_INFORMATION_FORMAT = dwarf;
				ENABLE_STRICT_OBJC_MSGSEND = YES;
				ENABLE_TESTABILITY = YES;
				GCC_C_LANGUAGE_STANDARD = gnu11;
				GCC_DYNAMIC_NO_PIC = NO;
				GCC_NO_COMMON_BLOCKS = YES;
				GCC_OPTIMIZATION_LEVEL = 0;
				GCC_PREPROCESSOR_DEFINITIONS = (
					"DEBUG=1",
					"$(inherited)",
				);
				GCC_WARN_64_TO_32_BIT_CONVERSION = YES;
				GCC_WARN_ABOUT_RETURN_TYPE = YES_ERROR;
				GCC_WARN_UNDECLARED_SELECTOR = YES;
				GCC_WARN_UNINITIALIZED_AUTOS = YES_AGGRESSIVE;
				GCC_WARN_UNUSED_FUNCTION = YES;
				GCC_WARN_UNUSED_VARIABLE = YES;
				IPHONEOS_DEPLOYMENT_TARGET = 11.2;
				MTL_ENABLE_DEBUG_INFO = YES;
				ONLY_ACTIVE_ARCH = YES;
				SDKROOT = iphoneos;
			};
			name = Debug;
		};
		2E9D625E2019A65C0042AEAA /* Release */ = {
			isa = XCBuildConfiguration;
			buildSettings = {
				ALWAYS_SEARCH_USER_PATHS = NO;
				CLANG_ANALYZER_NONNULL = YES;
				CLANG_ANALYZER_NUMBER_OBJECT_CONVERSION = YES_AGGRESSIVE;
				CLANG_CXX_LANGUAGE_STANDARD = "gnu++14";
				CLANG_CXX_LIBRARY = "libc++";
				CLANG_ENABLE_MODULES = YES;
				CLANG_ENABLE_OBJC_ARC = YES;
				CLANG_WARN_BLOCK_CAPTURE_AUTORELEASING = YES;
				CLANG_WARN_BOOL_CONVERSION = YES;
				CLANG_WARN_COMMA = YES;
				CLANG_WARN_CONSTANT_CONVERSION = YES;
				CLANG_WARN_DIRECT_OBJC_ISA_USAGE = YES_ERROR;
				CLANG_WARN_DOCUMENTATION_COMMENTS = YES;
				CLANG_WARN_EMPTY_BODY = YES;
				CLANG_WARN_ENUM_CONVERSION = YES;
				CLANG_WARN_INFINITE_RECURSION = YES;
				CLANG_WARN_INT_CONVERSION = YES;
				CLANG_WARN_NON_LITERAL_NULL_CONVERSION = YES;
				CLANG_WARN_OBJC_LITERAL_CONVERSION = YES;
				CLANG_WARN_OBJC_ROOT_CLASS = YES_ERROR;
				CLANG_WARN_RANGE_LOOP_ANALYSIS = YES;
				CLANG_WARN_STRICT_PROTOTYPES = YES;
				CLANG_WARN_SUSPICIOUS_MOVE = YES;
				CLANG_WARN_UNGUARDED_AVAILABILITY = YES_AGGRESSIVE;
				CLANG_WARN_UNREACHABLE_CODE = YES;
				CLANG_WARN__DUPLICATE_METHOD_MATCH = YES;
				CODE_SIGN_IDENTITY = "iPhone Developer";
				COPY_PHASE_STRIP = NO;
				DEBUG_INFORMATION_FORMAT = "dwarf-with-dsym";
				ENABLE_NS_ASSERTIONS = NO;
				ENABLE_STRICT_OBJC_MSGSEND = YES;
				GCC_C_LANGUAGE_STANDARD = gnu11;
				GCC_NO_COMMON_BLOCKS = YES;
				GCC_WARN_64_TO_32_BIT_CONVERSION = YES;
				GCC_WARN_ABOUT_RETURN_TYPE = YES_ERROR;
				GCC_WARN_UNDECLARED_SELECTOR = YES;
				GCC_WARN_UNINITIALIZED_AUTOS = YES_AGGRESSIVE;
				GCC_WARN_UNUSED_FUNCTION = YES;
				GCC_WARN_UNUSED_VARIABLE = YES;
				IPHONEOS_DEPLOYMENT_TARGET = 11.2;
				MTL_ENABLE_DEBUG_INFO = NO;
				SDKROOT = iphoneos;
				VALIDATE_PRODUCT = YES;
			};
			name = Release;
		};
		2E9D62602019A65C0042AEAA /* Debug */ = {
			isa = XCBuildConfiguration;
			buildSettings = {
				ASSETCATALOG_COMPILER_APPICON_NAME = AppIcon;
				"CODE_SIGN_IDENTITY[sdk=iphoneos*]" = "iPhone Distribution";
				CODE_SIGN_STYLE = Manual;
				DEVELOPMENT_TEAM = 3ZUHH2H7M8;
				INFOPLIST_FILE = YNJenkinsTestiOS/Info.plist;
				IPHONEOS_DEPLOYMENT_TARGET = 8.0;
				LD_RUNPATH_SEARCH_PATHS = "$(inherited) @executable_path/Frameworks";
				PRODUCT_BUNDLE_IDENTIFIER = cn.bxtth.itm.client.YNJenkinsTestiOS;
				PRODUCT_NAME = "$(TARGET_NAME)";
				PROVISIONING_PROFILE = "655b8e51-9e9c-478d-b762-0b8ff1f55257";
				PROVISIONING_PROFILE_SPECIFIER = JenkinsTestiOS_ADHOC;
				TARGETED_DEVICE_FAMILY = "1,2";
			};
			name = Debug;
		};
		2E9D62612019A65C0042AEAA /* Release */ = {
			isa = XCBuildConfiguration;
			buildSettings = {
				ASSETCATALOG_COMPILER_APPICON_NAME = AppIcon;
				"CODE_SIGN_IDENTITY[sdk=iphoneos*]" = "iPhone Distribution";
				CODE_SIGN_STYLE = Manual;
				DEVELOPMENT_TEAM = 3ZUHH2H7M8;
				INFOPLIST_FILE = YNJenkinsTestiOS/Info.plist;
				IPHONEOS_DEPLOYMENT_TARGET = 8.0;
				LD_RUNPATH_SEARCH_PATHS = "$(inherited) @executable_path/Frameworks";
				PRODUCT_BUNDLE_IDENTIFIER = cn.bxtth.itm.client.YNJenkinsTestiOS;
				PRODUCT_NAME = "$(TARGET_NAME)";
				PROVISIONING_PROFILE = "655b8e51-9e9c-478d-b762-0b8ff1f55257";
				PROVISIONING_PROFILE_SPECIFIER = JenkinsTestiOS_ADHOC;
				TARGETED_DEVICE_FAMILY = "1,2";
			};
			name = Release;
		};
/* End XCBuildConfiguration section */

/* Begin XCConfigurationList section */
		2E9D62442019A65C0042AEAA /* Build configuration list for PBXProject "YNJenkinsTestiOS" */ = {
			isa = XCConfigurationList;
			buildConfigurations = (
				2E9D625D2019A65C0042AEAA /* Debug */,
				2E9D625E2019A65C0042AEAA /* Release */,
			);
			defaultConfigurationIsVisible = 0;
			defaultConfigurationName = Release;
		};
		2E9D625F2019A65C0042AEAA /* Build configuration list for PBXNativeTarget "YNJenkinsTestiOS" */ = {
			isa = XCConfigurationList;
			buildConfigurations = (
				2E9D62602019A65C0042AEAA /* Debug */,
				2E9D62612019A65C0042AEAA /* Release */,
			);
			defaultConfigurationIsVisible = 0;
			defaultConfigurationName = Release;
		};
/* End XCConfigurationList section */
	};
	rootObject = 2E9D62412019A65C0042AEAA /* Project object */;
}
